
Microsoft Visual Studio Solution File, Format Version 12.00
Project("{FAE04EC0-301F-11D3-BF4B-00C04F79EFBC}") = "Ecommerce", "Ecommerce\Ecommerce.csproj", "{C74F74AC-067C-47A1-B8B1-02E720C636A9}"
EndProject
Project("{2150E333-8FDC-42A3-9474-1A3956D46DE8}") = "Solution Items", "Solution Items", "{7E82F83A-800A-4F93-9D49-E150E8ED8935}"
	ProjectSection(SolutionItems) = preProject
		compose.yaml = compose.yaml
	EndProjectSection
EndProject
Project("{FAE04EC0-301F-11D3-BF4B-00C04F79EFBC}") = "Ecommerce.Tests", "Ecommerce.Tests\Ecommerce.Tests.csproj", "{9F2E57BB-42D0-4E9D-B183-94C93578A2C3}"
EndProject
Global
	GlobalSection(SolutionConfigurationPlatforms) = preSolution
		Debug|Any CPU = Debug|Any CPU
		Release|Any CPU = Release|Any CPU
	EndGlobalSection
	GlobalSection(ProjectConfigurationPlatforms) = postSolution
		{C74F74AC-067C-47A1-B8B1-02E720C636A9}.Debug|Any CPU.ActiveCfg = Debug|Any CPU
		{C74F74AC-067C-47A1-B8B1-02E720C636A9}.Debug|Any CPU.Build.0 = Debug|Any CPU
		{C74F74AC-067C-47A1-B8B1-02E720C636A9}.Release|Any CPU.ActiveCfg = Release|Any CPU
		{C74F74AC-067C-47A1-B8B1-02E720C636A9}.Release|Any CPU.Build.0 = Release|Any CPU
		{9F2E57BB-42D0-4E9D-B183-94C93578A2C3}.Debug|Any CPU.ActiveCfg = Debug|Any CPU
		{9F2E57BB-42D0-4E9D-B183-94C93578A2C3}.Debug|Any CPU.Build.0 = Debug|Any CPU
		{9F2E57BB-42D0-4E9D-B183-94C93578A2C3}.Release|Any CPU.ActiveCfg = Release|Any CPU
		{9F2E57BB-42D0-4E9D-B183-94C93578A2C3}.Release|Any CPU.Build.0 = Release|Any CPU
	EndGlobalSection
EndGlobal
